
Microsoft Visual Studio Solution File, Format Version 12.00
# Visual Studio 14
VisualStudioVersion = 14.0.25420.1
MinimumVisualStudioVersion = 10.0.40219.1
Project("{FAE04EC0-301F-11D3-BF4B-00C04F79EFBC}") = "Presentacion", "Gokubos\Presentacion\Login\Login\Presentacion.csproj", "{04C2D8EF-70B0-4AEF-AAFC-D69BCE00F58E}"
EndProject
Project("{FAE04EC0-301F-11D3-BF4B-00C04F79EFBC}") = "Datos", "Gokubos\Datos\Datos.csproj", "{CA72A108-930F-491E-B4B0-6B7EE99CCD67}"
EndProject
Project("{FAE04EC0-301F-11D3-BF4B-00C04F79EFBC}") = "Logica", "Gokubos\Logica\Logica.csproj", "{006DA500-267B-4AE8-A119-71F5D2B5F9D8}"
EndProject
Global
	GlobalSection(SolutionConfigurationPlatforms) = preSolution
		Debug|Any CPU = Debug|Any CPU
		Release|Any CPU = Release|Any CPU
	EndGlobalSection
	GlobalSection(ProjectConfigurationPlatforms) = postSolution
		{04C2D8EF-70B0-4AEF-AAFC-D69BCE00F58E}.Debug|Any CPU.ActiveCfg = Debug|Any CPU
		{04C2D8EF-70B0-4AEF-AAFC-D69BCE00F58E}.Debug|Any CPU.Build.0 = Debug|Any CPU
		{04C2D8EF-70B0-4AEF-AAFC-D69BCE00F58E}.Release|Any CPU.ActiveCfg = Release|Any CPU
		{04C2D8EF-70B0-4AEF-AAFC-D69BCE00F58E}.Release|Any CPU.Build.0 = Release|Any CPU
		{CA72A108-930F-491E-B4B0-6B7EE99CCD67}.Debug|Any CPU.ActiveCfg = Debug|Any CPU
		{CA72A108-930F-491E-B4B0-6B7EE99CCD67}.Debug|Any CPU.Build.0 = Debug|Any CPU
		{CA72A108-930F-491E-B4B0-6B7EE99CCD67}.Release|Any CPU.ActiveCfg = Release|Any CPU
		{CA72A108-930F-491E-B4B0-6B7EE99CCD67}.Release|Any CPU.Build.0 = Release|Any CPU
		{006DA500-267B-4AE8-A119-71F5D2B5F9D8}.Debug|Any CPU.ActiveCfg = Debug|Any CPU
		{006DA500-267B-4AE8-A119-71F5D2B5F9D8}.Debug|Any CPU.Build.0 = Debug|Any CPU
		{006DA500-267B-4AE8-A119-71F5D2B5F9D8}.Release|Any CPU.ActiveCfg = Release|Any CPU
		{006DA500-267B-4AE8-A119-71F5D2B5F9D8}.Release|Any CPU.Build.0 = Release|Any CPU
	EndGlobalSection
	GlobalSection(SolutionProperties) = preSolution
		HideSolutionNode = FALSE
	EndGlobalSection
EndGlobal
